
Microsoft Visual Studio Solution File, Format Version 12.00
# Visual Studio Version 17
VisualStudioVersion = 17.8.34309.116
MinimumVisualStudioVersion = 10.0.40219.1
Project("{FAE04EC0-301F-11D3-BF4B-00C04F79EFBC}") = "Gitignore example", "Gitignore example\Gitignore example.csproj", "{0A9929B8-BA31-4B0A-BAA6-96ECFEC669CC}"
EndProject
Global
	GlobalSection(SolutionConfigurationPlatforms) = preSolution
		Debug|Any CPU = Debug|Any CPU
		Release|Any CPU = Release|Any CPU
	EndGlobalSection
	GlobalSection(ProjectConfigurationPlatforms) = postSolution
		{0A9929B8-BA31-4B0A-BAA6-96ECFEC669CC}.Debug|Any CPU.ActiveCfg = Debug|Any CPU
		{0A9929B8-BA31-4B0A-BAA6-96ECFEC669CC}.Debug|Any CPU.Build.0 = Debug|Any CPU
		{0A9929B8-BA31-4B0A-BAA6-96ECFEC669CC}.Release|Any CPU.ActiveCfg = Release|Any CPU
		{0A9929B8-BA31-4B0A-BAA6-96ECFEC669CC}.Release|Any CPU.Build.0 = Release|Any CPU
	EndGlobalSection
	GlobalSection(SolutionProperties) = preSolution
		HideSolutionNode = FALSE
	EndGlobalSection
	GlobalSection(ExtensibilityGlobals) = postSolution
		SolutionGuid = {DAC80631-D626-4C98-A2A3-ED3EFAEA812F}
	EndGlobalSection
EndGlobal
